
Microsoft Visual Studio Solution File, Format Version 12.00
# Visual Studio Version 17
VisualStudioVersion = 17.5.33502.453
MinimumVisualStudioVersion = 10.0.40219.1
Project("{FAE04EC0-301F-11D3-BF4B-00C04F79EFBC}") = "planetario", "planetario\planetario.csproj", "{D1663EB0-4CC7-4D55-8DDC-CFB22960323D}"
EndProject
Global
	GlobalSection(SolutionConfigurationPlatforms) = preSolution
		Debug|Any CPU = Debug|Any CPU
		Release|Any CPU = Release|Any CPU
	EndGlobalSection
	GlobalSection(ProjectConfigurationPlatforms) = postSolution
		{D1663EB0-4CC7-4D55-8DDC-CFB22960323D}.Debug|Any CPU.ActiveCfg = Debug|Any CPU
		{D1663EB0-4CC7-4D55-8DDC-CFB22960323D}.Debug|Any CPU.Build.0 = Debug|Any CPU
		{D1663EB0-4CC7-4D55-8DDC-CFB22960323D}.Release|Any CPU.ActiveCfg = Release|Any CPU
		{D1663EB0-4CC7-4D55-8DDC-CFB22960323D}.Release|Any CPU.Build.0 = Release|Any CPU
	EndGlobalSection
	GlobalSection(SolutionProperties) = preSolution
		HideSolutionNode = FALSE
	EndGlobalSection
	GlobalSection(ExtensibilityGlobals) = postSolution
		SolutionGuid = {0739F1AB-288C-43B2-99C4-7CACC5618761}
	EndGlobalSection
EndGlobal
